
Microsoft Visual Studio Solution File, Format Version 12.00
# Visual Studio Version 17
VisualStudioVersion = 17.0.31919.166
MinimumVisualStudioVersion = 10.0.40219.1
Project("{FAE04EC0-301F-11D3-BF4B-00C04F79EFBC}") = "MyListProgram", "MyListProgram\MyListProgram.csproj", "{1AEEC037-E3E8-48E8-BD66-C2B11F072DBD}"
EndProject
Global
	GlobalSection(SolutionConfigurationPlatforms) = preSolution
		Debug|Any CPU = Debug|Any CPU
		Release|Any CPU = Release|Any CPU
	EndGlobalSection
	GlobalSection(ProjectConfigurationPlatforms) = postSolution
		{1AEEC037-E3E8-48E8-BD66-C2B11F072DBD}.Debug|Any CPU.ActiveCfg = Debug|Any CPU
		{1AEEC037-E3E8-48E8-BD66-C2B11F072DBD}.Debug|Any CPU.Build.0 = Debug|Any CPU
		{1AEEC037-E3E8-48E8-BD66-C2B11F072DBD}.Release|Any CPU.ActiveCfg = Release|Any CPU
		{1AEEC037-E3E8-48E8-BD66-C2B11F072DBD}.Release|Any CPU.Build.0 = Release|Any CPU
	EndGlobalSection
	GlobalSection(SolutionProperties) = preSolution
		HideSolutionNode = FALSE
	EndGlobalSection
	GlobalSection(ExtensibilityGlobals) = postSolution
		SolutionGuid = {0BAA4BA8-4487-402B-ADB3-22E053E34C9C}
	EndGlobalSection
EndGlobal
